# THIS IS AN AUTOGENERATED FILE. DO NOT EDIT THIS FILE DIRECTLY.
# yarn lockfile v1


mini-antui@^0.4.35:
  version "0.4.35"
  resolved "https://registry.yarnpkg.com/mini-antui/-/mini-antui-0.4.35.tgz#e32d8df1c64ac558f8471db2e46073b20de4dd2c"
  integrity sha512-thLRUH418UN0rps+Dnt+iz1W4Ac/v8ZMscH6mgQmhkvvPd1q6vNFRXL2kIfemm9F6bG+WN2Lpik2qB0qqqieew==

moment@^2.29.1:
  version "2.29.1"
  resolved "https://registry.yarnpkg.com/moment/-/moment-2.29.1.tgz#b2be769fa31940be9eeea6469c075e35006fa3d3"
  integrity sha512-kHmoybcPV8Sqy59DwNDY3Jefr64lK/by/da0ViFcuA4DH0vQg5Q6Ze5VimxkfQNSC+Mls/Kx53s7TjP1RhFEDQ==
